
Microsoft Visual Studio Solution File, Format Version 12.00
# Visual Studio Version 17
VisualStudioVersion = 17.14.36930.0
MinimumVisualStudioVersion = 10.0.40219.1
Project("{FAE04EC0-301F-11D3-BF4B-00C04F79EFBC}") = "SaleManagementSys", "SaleManagementSys\SaleManagementSys.csproj", "{F347CFFF-EB52-43BD-AD49-102075E01B69}"
EndProject
Project("{FAE04EC0-301F-11D3-BF4B-00C04F79EFBC}") = "SaleManagementSys.Core", "SaleManagementSys.Core\SaleManagementSys.Core.csproj", "{BA9BB0AD-A6C5-43FC-8810-181A7F704D28}"
EndProject
Global
	GlobalSection(SolutionConfigurationPlatforms) = preSolution
		Debug|Any CPU = Debug|Any CPU
		Debug|x64 = Debug|x64
		Debug|x86 = Debug|x86
		Release|Any CPU = Release|Any CPU
		Release|x64 = Release|x64
		Release|x86 = Release|x86
	EndGlobalSection
	GlobalSection(ProjectConfigurationPlatforms) = postSolution
		{F347CFFF-EB52-43BD-AD49-102075E01B69}.Debug|Any CPU.ActiveCfg = Debug|Any CPU
		{F347CFFF-EB52-43BD-AD49-102075E01B69}.Debug|Any CPU.Build.0 = Debug|Any CPU
		{F347CFFF-EB52-43BD-AD49-102075E01B69}.Debug|x64.ActiveCfg = Debug|Any CPU
		{F347CFFF-EB52-43BD-AD49-102075E01B69}.Debug|x64.Build.0 = Debug|Any CPU
		{F347CFFF-EB52-43BD-AD49-102075E01B69}.Debug|x86.ActiveCfg = Debug|Any CPU
		{F347CFFF-EB52-43BD-AD49-102075E01B69}.Debug|x86.Build.0 = Debug|Any CPU
		{F347CFFF-EB52-43BD-AD49-102075E01B69}.Release|Any CPU.ActiveCfg = Release|Any CPU
		{F347CFFF-EB52-43BD-AD49-102075E01B69}.Release|Any CPU.Build.0 = Release|Any CPU
		{F347CFFF-EB52-43BD-AD49-102075E01B69}.Release|x64.ActiveCfg = Release|Any CPU
		{F347CFFF-EB52-43BD-AD49-102075E01B69}.Release|x64.Build.0 = Release|Any CPU
		{F347CFFF-EB52-43BD-AD49-102075E01B69}.Release|x86.ActiveCfg = Release|Any CPU
		{F347CFFF-EB52-43BD-AD49-102075E01B69}.Release|x86.Build.0 = Release|Any CPU
		{BA9BB0AD-A6C5-43FC-8810-181A7F704D28}.Debug|Any CPU.ActiveCfg = Debug|Any CPU
		{BA9BB0AD-A6C5-43FC-8810-181A7F704D28}.Debug|Any CPU.Build.0 = Debug|Any CPU
		{BA9BB0AD-A6C5-43FC-8810-181A7F704D28}.Debug|x64.ActiveCfg = Debug|Any CPU
		{BA9BB0AD-A6C5-43FC-8810-181A7F704D28}.Debug|x64.Build.0 = Debug|Any CPU
		{BA9BB0AD-A6C5-43FC-8810-181A7F704D28}.Debug|x86.ActiveCfg = Debug|Any CPU
		{BA9BB0AD-A6C5-43FC-8810-181A7F704D28}.Debug|x86.Build.0 = Debug|Any CPU
		{BA9BB0AD-A6C5-43FC-8810-181A7F704D28}.Release|Any CPU.ActiveCfg = Release|Any CPU
		{BA9BB0AD-A6C5-43FC-8810-181A7F704D28}.Release|Any CPU.Build.0 = Release|Any CPU
		{BA9BB0AD-A6C5-43FC-8810-181A7F704D28}.Release|x64.ActiveCfg = Release|Any CPU
		{BA9BB0AD-A6C5-43FC-8810-181A7F704D28}.Release|x64.Build.0 = Release|Any CPU
		{BA9BB0AD-A6C5-43FC-8810-181A7F704D28}.Release|x86.ActiveCfg = Release|Any CPU
		{BA9BB0AD-A6C5-43FC-8810-181A7F704D28}.Release|x86.Build.0 = Release|Any CPU
	EndGlobalSection
	GlobalSection(SolutionProperties) = preSolution
		HideSolutionNode = FALSE
	EndGlobalSection
	GlobalSection(ExtensibilityGlobals) = postSolution
		SolutionGuid = {9B12341D-5349-4108-8637-EC9D276FD514}
	EndGlobalSection
EndGlobal
